
Microsoft Visual Studio Solution File, Format Version 12.00
# Visual Studio Version 16
VisualStudioVersion = 16.0.810.14
MinimumVisualStudioVersion = 10.0.40219.1
Project("{FAE04EC0-301F-11D3-BF4B-00C04F79EFBC}") = "MarkdownEditorFunctions", "MarkdownEditorFunctions.csproj", "{9C838D44-F460-4BD8-A54E-A01C261C0331}"
EndProject
Global
	GlobalSection(SolutionConfigurationPlatforms) = preSolution
		Debug|Any CPU = Debug|Any CPU
		Release|Any CPU = Release|Any CPU
	EndGlobalSection
	GlobalSection(ProjectConfigurationPlatforms) = postSolution
		{9C838D44-F460-4BD8-A54E-A01C261C0331}.Debug|Any CPU.ActiveCfg = Debug|Any CPU
		{9C838D44-F460-4BD8-A54E-A01C261C0331}.Debug|Any CPU.Build.0 = Debug|Any CPU
		{9C838D44-F460-4BD8-A54E-A01C261C0331}.Release|Any CPU.ActiveCfg = Release|Any CPU
		{9C838D44-F460-4BD8-A54E-A01C261C0331}.Release|Any CPU.Build.0 = Release|Any CPU
	EndGlobalSection
	GlobalSection(SolutionProperties) = preSolution
		HideSolutionNode = FALSE
	EndGlobalSection
	GlobalSection(ExtensibilityGlobals) = postSolution
		SolutionGuid = {4724DE3D-DAC7-43AE-83FC-302D6DE71E7F}
	EndGlobalSection
EndGlobal
